<?xml version="1.0" encoding="utf-8"?>
<Project ToolsVersion="4.0" xmlns="http://schemas.microsoft.com/developer/msbuild/2003">
  <ItemGroup>
    <Filter Include="Simulation Core">
      <UniqueIdentifier>{a1b2c3d4-0001-0001-0001-000000000001}</UniqueIdentifier>
    </Filter>
    <Filter Include="Vision &amp; Detection">
      <UniqueIdentifier>{a1b2c3d4-0002-0002-0002-000000000002}</UniqueIdentifier>
    </Filter>
    <Filter Include="Strategy">
      <UniqueIdentifier>{a1b2c3d4-0003-0003-0003-000000000003}</UniqueIdentifier>
    </Filter>
    <Filter Include="Pathfinding">
      <UniqueIdentifier>{a1b2c3d4-0004-0004-0004-000000000004}</UniqueIdentifier>
    </Filter>
    <Filter Include="Control">
      <UniqueIdentifier>{a1b2c3d4-0005-0005-0005-000000000005}</UniqueIdentifier>
    </Filter>
    <Filter Include="Debug &amp; Visualization">
      <UniqueIdentifier>{a1b2c3d4-0006-0006-0006-000000000006}</UniqueIdentifier>
    </Filter>
    <Filter Include="Arena &amp; Setup">
      <UniqueIdentifier>{a1b2c3d4-0007-0007-0007-000000000007}</UniqueIdentifier>
    </Filter>
    <Filter Include="Test Programs">
      <UniqueIdentifier>{9188a605-3c7b-400b-842b-e6e8274ddcfe}</UniqueIdentifier>
    </Filter>
    <Filter Include="Shared Types">
      <UniqueIdentifier>{a1b2c3d4-0009-0009-0009-000000000009}</UniqueIdentifier>
    </Filter>
    <Filter Include="Perception">
      <UniqueIdentifier>{b83a1bc4-b333-4567-a318-f7e88357541f}</UniqueIdentifier>
    </Filter>
  </ItemGroup>
  <ItemGroup>
    <ClCompile Include="vision.cpp">
      <Filter>Simulation Core</Filter>
    </ClCompile>
    <ClCompile Include="vision_simulation.cpp">
      <Filter>Simulation Core</Filter>
    </ClCompile>
    <ClCompile Include="robot.cpp">
      <Filter>Simulation Core</Filter>
    </ClCompile>
    <ClCompile Include="shared_memory.cpp">
      <Filter>Simulation Core</Filter>
    </ClCompile>
    <ClCompile Include="timer.cpp">
      <Filter>Simulation Core</Filter>
    </ClCompile>
    <ClCompile Include="MarkerDetector.cpp">
      <Filter>Vision &amp; Detection</Filter>
    </ClCompile>
    <ClCompile Include="Tracking.cpp">
      <Filter>Vision &amp; Detection</Filter>
    </ClCompile>
    <ClCompile Include="IDDance.cpp">
      <Filter>Vision &amp; Detection</Filter>
    </ClCompile>
    <ClCompile Include="Offense.cpp">
      <Filter>Strategy</Filter>
    </ClCompile>
    <ClCompile Include="Defense.cpp">
      <Filter>Strategy</Filter>
    </ClCompile>
    <ClCompile Include="StrategyEngine.cpp">
      <Filter>Strategy</Filter>
    </ClCompile>
    <ClCompile Include="AStar.cpp">
      <Filter>Pathfinding</Filter>
    </ClCompile>
    <ClCompile Include="OccupancyGrid.cpp">
      <Filter>Pathfinding</Filter>
    </ClCompile>
    <ClCompile Include="ObstaclePipeline.cpp">
      <Filter>Pathfinding</Filter>
    </ClCompile>
    <ClCompile Include="Obstacles.cpp">
      <Filter>Pathfinding</Filter>
    </ClCompile>
    <ClCompile Include="Waypoint.cpp">
      <Filter>Control</Filter>
    </ClCompile>
    <ClCompile Include="Fuzzy.cpp">
      <Filter>Control</Filter>
    </ClCompile>
    <ClCompile Include="DebugVisualizer.cpp">
      <Filter>Debug &amp; Visualization</Filter>
    </ClCompile>
    <ClCompile Include="Overlay.cpp">
      <Filter>Debug &amp; Visualization</Filter>
    </ClCompile>
    <ClCompile Include="ArenaSetup.cpp">
      <Filter>Arena &amp; Setup</Filter>
    </ClCompile>
    <ClCompile Include="program_IDDance_test.cpp">
      <Filter>Test Programs</Filter>
    </ClCompile>
    <ClCompile Include="program_obstacles.cpp">
      <Filter>Test Programs</Filter>
    </ClCompile>
    <ClCompile Include="update_simulation.cpp">
      <Filter>Simulation Core</Filter>
    </ClCompile>
    <ClCompile Include="program_sim.cpp">
      <Filter>Test Programs</Filter>
    </ClCompile>
    <ClCompile Include="program.cpp">
      <Filter>Arena &amp; Setup</Filter>
    </ClCompile>
    <ClCompile Include="GridUtils.cpp">
      <Filter>Pathfinding</Filter>
    </ClCompile>
    <ClCompile Include="LaserGate.cpp">
      <Filter>Control</Filter>
    </ClCompile>
    <ClCompile Include="CombatGeometry.cpp">
      <Filter>Perception</Filter>
    </ClCompile>
  </ItemGroup>
  <ItemGroup>
    <ClInclude Include="vision.h">
      <Filter>Simulation Core</Filter>
    </ClInclude>
    <ClInclude Include="vision_simulation.h">
      <Filter>Simulation Core</Filter>
    </ClInclude>
    <ClInclude Include="robot.h">
      <Filter>Simulation Core</Filter>
    </ClInclude>
    <ClInclude Include="shared_memory.h">
      <Filter>Simulation Core</Filter>
    </ClInclude>
    <ClInclude Include="image_transfer.h">
      <Filter>Simulation Core</Filter>
    </ClInclude>
    <ClInclude Include="MarkerDetector.h">
      <Filter>Vision &amp; Detection</Filter>
    </ClInclude>
    <ClInclude Include="Tracking.h">
      <Filter>Vision &amp; Detection</Filter>
    </ClInclude>
    <ClInclude Include="IDDance.h">
      <Filter>Vision &amp; Detection</Filter>
    </ClInclude>
    <ClInclude Include="Offense.h">
      <Filter>Strategy</Filter>
    </ClInclude>
    <ClInclude Include="Defense.h">
      <Filter>Strategy</Filter>
    </ClInclude>
    <ClInclude Include="StrategyEngine.h">
      <Filter>Strategy</Filter>
    </ClInclude>
    <ClInclude Include="OpponentBehaviour.h">
      <Filter>Strategy</Filter>
    </ClInclude>
    <ClInclude Include="AStar.h">
      <Filter>Pathfinding</Filter>
    </ClInclude>
    <ClInclude Include="OccupancyGrid.h">
      <Filter>Pathfinding</Filter>
    </ClInclude>
    <ClInclude Include="ObstaclePipeline.h">
      <Filter>Pathfinding</Filter>
    </ClInclude>
    <ClInclude Include="Obstacles.h">
      <Filter>Pathfinding</Filter>
    </ClInclude>
    <ClInclude Include="Waypoint.h">
      <Filter>Control</Filter>
    </ClInclude>
    <ClInclude Include="Fuzzy.h">
      <Filter>Control</Filter>
    </ClInclude>
    <ClInclude Include="DebugVisualizer.h">
      <Filter>Debug &amp; Visualization</Filter>
    </ClInclude>
    <ClInclude Include="Overlay.h">
      <Filter>Debug &amp; Visualization</Filter>
    </ClInclude>
    <ClInclude Include="ArenaSetup.h">
      <Filter>Arena &amp; Setup</Filter>
    </ClInclude>
    <ClInclude Include="Types.h">
      <Filter>Shared Types</Filter>
    </ClInclude>
    <ClInclude Include="timer.h">
      <Filter>Simulation Core</Filter>
    </ClInclude>
    <ClInclude Include="update_simulation.h">
      <Filter>Simulation Core</Filter>
    </ClInclude>
    <ClInclude Include="GridUtils.h">
      <Filter>Pathfinding</Filter>
    </ClInclude>
    <ClInclude Include="LaserGate.h">
      <Filter>Control</Filter>
    </ClInclude>
    <ClInclude Include="CombatGeometry.h">
      <Filter>Perception</Filter>
    </ClInclude>
  </ItemGroup>
  <ItemGroup>
    <Library Include="atlsnd.lib" />
    <Library Include="image_transfer.lib" />
    <Library Include="strmbasd.lib" />
  </ItemGroup>
</Project>